
Microsoft Visual Studio Solution File, Format Version 12.00
# Visual Studio 15
VisualStudioVersion = 15.0.28307.271
MinimumVisualStudioVersion = 10.0.40219.1
Project("{FAE04EC0-301F-11D3-BF4B-00C04F79EFBC}") = "Binary Welded Tree", "Binary Welded Tree\Binary Welded Tree.csproj", "{5CDB5629-5B8C-479F-8287-4E8F21DDB1DC}"
EndProject
Global
	GlobalSection(SolutionConfigurationPlatforms) = preSolution
		Debug|Any CPU = Debug|Any CPU
		Release|Any CPU = Release|Any CPU
	EndGlobalSection
	GlobalSection(ProjectConfigurationPlatforms) = postSolution
		{5CDB5629-5B8C-479F-8287-4E8F21DDB1DC}.Debug|Any CPU.ActiveCfg = Debug|Any CPU
		{5CDB5629-5B8C-479F-8287-4E8F21DDB1DC}.Debug|Any CPU.Build.0 = Debug|Any CPU
		{5CDB5629-5B8C-479F-8287-4E8F21DDB1DC}.Release|Any CPU.ActiveCfg = Release|Any CPU
		{5CDB5629-5B8C-479F-8287-4E8F21DDB1DC}.Release|Any CPU.Build.0 = Release|Any CPU
	EndGlobalSection
	GlobalSection(SolutionProperties) = preSolution
		HideSolutionNode = FALSE
	EndGlobalSection
	GlobalSection(ExtensibilityGlobals) = postSolution
		SolutionGuid = {8CC8F8D6-7C0F-49E1-B66E-8AA1DE78665C}
	EndGlobalSection
EndGlobal
