
Microsoft Visual Studio Solution File, Format Version 12.00
# Visual Studio 15
VisualStudioVersion = 15.0.28010.2041
MinimumVisualStudioVersion = 10.0.40219.1
Project("{FAE04EC0-301F-11D3-BF4B-00C04F79EFBC}") = "BinTree", "BinTree\BinTree.csproj", "{0DE32835-B488-4B49-9805-720DC3699CF4}"
EndProject
Project("{FAE04EC0-301F-11D3-BF4B-00C04F79EFBC}") = "TestForBinTree", "TestForBinTree\TestForBinTree.csproj", "{EF9245B2-42E2-40D3-8314-AF5A3328AD9B}"
EndProject
Global
	GlobalSection(SolutionConfigurationPlatforms) = preSolution
		Debug|Any CPU = Debug|Any CPU
		Release|Any CPU = Release|Any CPU
	EndGlobalSection
	GlobalSection(ProjectConfigurationPlatforms) = postSolution
		{0DE32835-B488-4B49-9805-720DC3699CF4}.Debug|Any CPU.ActiveCfg = Debug|Any CPU
		{0DE32835-B488-4B49-9805-720DC3699CF4}.Debug|Any CPU.Build.0 = Debug|Any CPU
		{0DE32835-B488-4B49-9805-720DC3699CF4}.Release|Any CPU.ActiveCfg = Release|Any CPU
		{0DE32835-B488-4B49-9805-720DC3699CF4}.Release|Any CPU.Build.0 = Release|Any CPU
		{EF9245B2-42E2-40D3-8314-AF5A3328AD9B}.Debug|Any CPU.ActiveCfg = Debug|Any CPU
		{EF9245B2-42E2-40D3-8314-AF5A3328AD9B}.Debug|Any CPU.Build.0 = Debug|Any CPU
		{EF9245B2-42E2-40D3-8314-AF5A3328AD9B}.Release|Any CPU.ActiveCfg = Release|Any CPU
		{EF9245B2-42E2-40D3-8314-AF5A3328AD9B}.Release|Any CPU.Build.0 = Release|Any CPU
	EndGlobalSection
	GlobalSection(SolutionProperties) = preSolution
		HideSolutionNode = FALSE
	EndGlobalSection
	GlobalSection(ExtensibilityGlobals) = postSolution
		SolutionGuid = {BEF20FF7-0C23-40DB-8858-57E9439F69A8}
	EndGlobalSection
EndGlobal
