
Microsoft Visual Studio Solution File, Format Version 12.00
# Visual Studio 15
VisualStudioVersion = 15.0.27703.2026
MinimumVisualStudioVersion = 10.0.40219.1
Project("{FAE04EC0-301F-11D3-BF4B-00C04F79EFBC}") = "LSD-sort", "LSD-sort\LSD-sort.csproj", "{B2899C72-0A3F-483A-9D13-3C3C99AE2513}"
EndProject
Global
	GlobalSection(SolutionConfigurationPlatforms) = preSolution
		Debug|Any CPU = Debug|Any CPU
		Release|Any CPU = Release|Any CPU
	EndGlobalSection
	GlobalSection(ProjectConfigurationPlatforms) = postSolution
		{B2899C72-0A3F-483A-9D13-3C3C99AE2513}.Debug|Any CPU.ActiveCfg = Debug|Any CPU
		{B2899C72-0A3F-483A-9D13-3C3C99AE2513}.Debug|Any CPU.Build.0 = Debug|Any CPU
		{B2899C72-0A3F-483A-9D13-3C3C99AE2513}.Release|Any CPU.ActiveCfg = Release|Any CPU
		{B2899C72-0A3F-483A-9D13-3C3C99AE2513}.Release|Any CPU.Build.0 = Release|Any CPU
	EndGlobalSection
	GlobalSection(SolutionProperties) = preSolution
		HideSolutionNode = FALSE
	EndGlobalSection
	GlobalSection(ExtensibilityGlobals) = postSolution
		SolutionGuid = {1B163540-5E48-4D48-AB02-FB27E2A2EB63}
	EndGlobalSection
EndGlobal
