
Microsoft Visual Studio Solution File, Format Version 12.00
# Visual Studio 15
VisualStudioVersion = 15.0.28010.2046
MinimumVisualStudioVersion = 10.0.40219.1
Project("{FAE04EC0-301F-11D3-BF4B-00C04F79EFBC}") = "BinTreeInArray", "BinTreeInArray\BinTreeInArray.csproj", "{88B16C6A-2898-4E5D-8669-8B96160D8527}"
EndProject
Project("{FAE04EC0-301F-11D3-BF4B-00C04F79EFBC}") = "TestForBinTree", "TestForBinTree\TestForBinTree.csproj", "{F346A495-8085-4CCB-9EFE-36A8CA1E639B}"
EndProject
Global
	GlobalSection(SolutionConfigurationPlatforms) = preSolution
		Debug|Any CPU = Debug|Any CPU
		Release|Any CPU = Release|Any CPU
	EndGlobalSection
	GlobalSection(ProjectConfigurationPlatforms) = postSolution
		{88B16C6A-2898-4E5D-8669-8B96160D8527}.Debug|Any CPU.ActiveCfg = Debug|Any CPU
		{88B16C6A-2898-4E5D-8669-8B96160D8527}.Debug|Any CPU.Build.0 = Debug|Any CPU
		{88B16C6A-2898-4E5D-8669-8B96160D8527}.Release|Any CPU.ActiveCfg = Release|Any CPU
		{88B16C6A-2898-4E5D-8669-8B96160D8527}.Release|Any CPU.Build.0 = Release|Any CPU
		{F346A495-8085-4CCB-9EFE-36A8CA1E639B}.Debug|Any CPU.ActiveCfg = Debug|Any CPU
		{F346A495-8085-4CCB-9EFE-36A8CA1E639B}.Debug|Any CPU.Build.0 = Debug|Any CPU
		{F346A495-8085-4CCB-9EFE-36A8CA1E639B}.Release|Any CPU.ActiveCfg = Release|Any CPU
		{F346A495-8085-4CCB-9EFE-36A8CA1E639B}.Release|Any CPU.Build.0 = Release|Any CPU
	EndGlobalSection
	GlobalSection(SolutionProperties) = preSolution
		HideSolutionNode = FALSE
	EndGlobalSection
	GlobalSection(ExtensibilityGlobals) = postSolution
		SolutionGuid = {6666DD0E-3E64-439E-ACD7-D154662B0EA5}
	EndGlobalSection
EndGlobal
