
Microsoft Visual Studio Solution File, Format Version 12.00
# Visual Studio 15
VisualStudioVersion = 15.0.28010.2046
MinimumVisualStudioVersion = 10.0.40219.1
Project("{FAE04EC0-301F-11D3-BF4B-00C04F79EFBC}") = "BalancedBST", "BalancedBST\BalancedBST.csproj", "{0B7F60A1-8B3C-4B0A-86AC-C9C0E9BF1DF9}"
EndProject
Global
	GlobalSection(SolutionConfigurationPlatforms) = preSolution
		Debug|Any CPU = Debug|Any CPU
		Release|Any CPU = Release|Any CPU
	EndGlobalSection
	GlobalSection(ProjectConfigurationPlatforms) = postSolution
		{0B7F60A1-8B3C-4B0A-86AC-C9C0E9BF1DF9}.Debug|Any CPU.ActiveCfg = Debug|Any CPU
		{0B7F60A1-8B3C-4B0A-86AC-C9C0E9BF1DF9}.Debug|Any CPU.Build.0 = Debug|Any CPU
		{0B7F60A1-8B3C-4B0A-86AC-C9C0E9BF1DF9}.Release|Any CPU.ActiveCfg = Release|Any CPU
		{0B7F60A1-8B3C-4B0A-86AC-C9C0E9BF1DF9}.Release|Any CPU.Build.0 = Release|Any CPU
	EndGlobalSection
	GlobalSection(SolutionProperties) = preSolution
		HideSolutionNode = FALSE
	EndGlobalSection
	GlobalSection(ExtensibilityGlobals) = postSolution
		SolutionGuid = {0A5A25D3-5869-4062-89FF-3BCE995FACD7}
	EndGlobalSection
EndGlobal
