
Microsoft Visual Studio Solution File, Format Version 12.00
# Visual Studio 15
VisualStudioVersion = 15.0.28307.271
MinimumVisualStudioVersion = 10.0.40219.1
Project("{FAE04EC0-301F-11D3-BF4B-00C04F79EFBC}") = "Splay_Tree", "Splay_Tree\Splay_Tree.csproj", "{EFCF6CF7-3547-4C84-81BB-BA762B04C9B2}"
EndProject
Project("{FAE04EC0-301F-11D3-BF4B-00C04F79EFBC}") = "TestForTree", "TestForTree\TestForTree.csproj", "{DEB7E8CA-93B9-41F5-AF09-EB8024180F9A}"
EndProject
Global
	GlobalSection(SolutionConfigurationPlatforms) = preSolution
		Debug|Any CPU = Debug|Any CPU
		Release|Any CPU = Release|Any CPU
	EndGlobalSection
	GlobalSection(ProjectConfigurationPlatforms) = postSolution
		{EFCF6CF7-3547-4C84-81BB-BA762B04C9B2}.Debug|Any CPU.ActiveCfg = Debug|Any CPU
		{EFCF6CF7-3547-4C84-81BB-BA762B04C9B2}.Debug|Any CPU.Build.0 = Debug|Any CPU
		{EFCF6CF7-3547-4C84-81BB-BA762B04C9B2}.Release|Any CPU.ActiveCfg = Release|Any CPU
		{EFCF6CF7-3547-4C84-81BB-BA762B04C9B2}.Release|Any CPU.Build.0 = Release|Any CPU
		{DEB7E8CA-93B9-41F5-AF09-EB8024180F9A}.Debug|Any CPU.ActiveCfg = Debug|Any CPU
		{DEB7E8CA-93B9-41F5-AF09-EB8024180F9A}.Debug|Any CPU.Build.0 = Debug|Any CPU
		{DEB7E8CA-93B9-41F5-AF09-EB8024180F9A}.Release|Any CPU.ActiveCfg = Release|Any CPU
		{DEB7E8CA-93B9-41F5-AF09-EB8024180F9A}.Release|Any CPU.Build.0 = Release|Any CPU
	EndGlobalSection
	GlobalSection(SolutionProperties) = preSolution
		HideSolutionNode = FALSE
	EndGlobalSection
	GlobalSection(ExtensibilityGlobals) = postSolution
		SolutionGuid = {501F1346-B7AA-4CA6-BE7D-7F77D5F4AAE0}
	EndGlobalSection
EndGlobal
