
Microsoft Visual Studio Solution File, Format Version 12.00
# Visual Studio 15
VisualStudioVersion = 15.0.28010.2046
MinimumVisualStudioVersion = 10.0.40219.1
Project("{FAE04EC0-301F-11D3-BF4B-00C04F79EFBC}") = "Blockchain", "Blockchain\Blockchain.csproj", "{5BC18ED2-22D1-42AE-9058-C0ABE63B158D}"
EndProject
Global
	GlobalSection(SolutionConfigurationPlatforms) = preSolution
		Debug|Any CPU = Debug|Any CPU
		Release|Any CPU = Release|Any CPU
	EndGlobalSection
	GlobalSection(ProjectConfigurationPlatforms) = postSolution
		{5BC18ED2-22D1-42AE-9058-C0ABE63B158D}.Debug|Any CPU.ActiveCfg = Debug|Any CPU
		{5BC18ED2-22D1-42AE-9058-C0ABE63B158D}.Debug|Any CPU.Build.0 = Debug|Any CPU
		{5BC18ED2-22D1-42AE-9058-C0ABE63B158D}.Release|Any CPU.ActiveCfg = Release|Any CPU
		{5BC18ED2-22D1-42AE-9058-C0ABE63B158D}.Release|Any CPU.Build.0 = Release|Any CPU
	EndGlobalSection
	GlobalSection(SolutionProperties) = preSolution
		HideSolutionNode = FALSE
	EndGlobalSection
	GlobalSection(ExtensibilityGlobals) = postSolution
		SolutionGuid = {1196E408-C0EF-4CEB-819C-445C195C30D5}
	EndGlobalSection
EndGlobal
