
Microsoft Visual Studio Solution File, Format Version 12.00
# Visual Studio 15
VisualStudioVersion = 15.0.28307.271
MinimumVisualStudioVersion = 10.0.40219.1
Project("{FAE04EC0-301F-11D3-BF4B-00C04F79EFBC}") = "Treap", "Treap\Treap.csproj", "{A13E43DB-2B09-4449-9001-C12A8FDDE2FC}"
EndProject
Global
	GlobalSection(SolutionConfigurationPlatforms) = preSolution
		Debug|Any CPU = Debug|Any CPU
		Release|Any CPU = Release|Any CPU
	EndGlobalSection
	GlobalSection(ProjectConfigurationPlatforms) = postSolution
		{A13E43DB-2B09-4449-9001-C12A8FDDE2FC}.Debug|Any CPU.ActiveCfg = Debug|Any CPU
		{A13E43DB-2B09-4449-9001-C12A8FDDE2FC}.Debug|Any CPU.Build.0 = Debug|Any CPU
		{A13E43DB-2B09-4449-9001-C12A8FDDE2FC}.Release|Any CPU.ActiveCfg = Release|Any CPU
		{A13E43DB-2B09-4449-9001-C12A8FDDE2FC}.Release|Any CPU.Build.0 = Release|Any CPU
	EndGlobalSection
	GlobalSection(SolutionProperties) = preSolution
		HideSolutionNode = FALSE
	EndGlobalSection
	GlobalSection(ExtensibilityGlobals) = postSolution
		SolutionGuid = {3686C73C-0D7C-4BDE-9B7E-163A74910C79}
	EndGlobalSection
EndGlobal
