
Microsoft Visual Studio Solution File, Format Version 12.00
# Visual Studio 15
VisualStudioVersion = 15.0.27703.2026
MinimumVisualStudioVersion = 10.0.40219.1
Project("{FAE04EC0-301F-11D3-BF4B-00C04F79EFBC}") = "PowerSet", "PowerSet\PowerSet.csproj", "{1A0E02AC-FDA0-4DB2-88ED-4542C80FE9C0}"
EndProject
Project("{FAE04EC0-301F-11D3-BF4B-00C04F79EFBC}") = "TestSet", "TestSet\TestSet.csproj", "{2BDA8AD1-3ABA-48CB-A9D0-BB3A793A8984}"
EndProject
Global
	GlobalSection(SolutionConfigurationPlatforms) = preSolution
		Debug|Any CPU = Debug|Any CPU
		Release|Any CPU = Release|Any CPU
	EndGlobalSection
	GlobalSection(ProjectConfigurationPlatforms) = postSolution
		{1A0E02AC-FDA0-4DB2-88ED-4542C80FE9C0}.Debug|Any CPU.ActiveCfg = Debug|Any CPU
		{1A0E02AC-FDA0-4DB2-88ED-4542C80FE9C0}.Debug|Any CPU.Build.0 = Debug|Any CPU
		{1A0E02AC-FDA0-4DB2-88ED-4542C80FE9C0}.Release|Any CPU.ActiveCfg = Release|Any CPU
		{1A0E02AC-FDA0-4DB2-88ED-4542C80FE9C0}.Release|Any CPU.Build.0 = Release|Any CPU
		{2BDA8AD1-3ABA-48CB-A9D0-BB3A793A8984}.Debug|Any CPU.ActiveCfg = Debug|Any CPU
		{2BDA8AD1-3ABA-48CB-A9D0-BB3A793A8984}.Debug|Any CPU.Build.0 = Debug|Any CPU
		{2BDA8AD1-3ABA-48CB-A9D0-BB3A793A8984}.Release|Any CPU.ActiveCfg = Release|Any CPU
		{2BDA8AD1-3ABA-48CB-A9D0-BB3A793A8984}.Release|Any CPU.Build.0 = Release|Any CPU
	EndGlobalSection
	GlobalSection(SolutionProperties) = preSolution
		HideSolutionNode = FALSE
	EndGlobalSection
	GlobalSection(ExtensibilityGlobals) = postSolution
		SolutionGuid = {C8B7CC7C-7D76-4BD7-BBDC-A1A53AE5AD8B}
	EndGlobalSection
EndGlobal
