
Microsoft Visual Studio Solution File, Format Version 12.00
# Visual Studio 15
VisualStudioVersion = 15.0.28307.271
MinimumVisualStudioVersion = 10.0.40219.1
Project("{FAE04EC0-301F-11D3-BF4B-00C04F79EFBC}") = "Binomial_Heap", "Binomial_Heap\Binomial_Heap.csproj", "{8D60EF84-BB0A-43AF-A5CF-846165EB59C4}"
EndProject
Global
	GlobalSection(SolutionConfigurationPlatforms) = preSolution
		Debug|Any CPU = Debug|Any CPU
		Release|Any CPU = Release|Any CPU
	EndGlobalSection
	GlobalSection(ProjectConfigurationPlatforms) = postSolution
		{8D60EF84-BB0A-43AF-A5CF-846165EB59C4}.Debug|Any CPU.ActiveCfg = Debug|Any CPU
		{8D60EF84-BB0A-43AF-A5CF-846165EB59C4}.Debug|Any CPU.Build.0 = Debug|Any CPU
		{8D60EF84-BB0A-43AF-A5CF-846165EB59C4}.Release|Any CPU.ActiveCfg = Release|Any CPU
		{8D60EF84-BB0A-43AF-A5CF-846165EB59C4}.Release|Any CPU.Build.0 = Release|Any CPU
	EndGlobalSection
	GlobalSection(SolutionProperties) = preSolution
		HideSolutionNode = FALSE
	EndGlobalSection
	GlobalSection(ExtensibilityGlobals) = postSolution
		SolutionGuid = {12E354F6-4C5A-4509-BA29-74CB82EB4D5C}
	EndGlobalSection
EndGlobal
