
Microsoft Visual Studio Solution File, Format Version 12.00
# Visual Studio 15
VisualStudioVersion = 15.0.28010.2046
MinimumVisualStudioVersion = 10.0.40219.1
Project("{FAE04EC0-301F-11D3-BF4B-00C04F79EFBC}") = "BST_In_Array_Sort", "BST_In_Array_Sort\BST_In_Array_Sort.csproj", "{B3119DD1-44E9-4077-8A3C-4CD061E4D912}"
EndProject
Global
	GlobalSection(SolutionConfigurationPlatforms) = preSolution
		Debug|Any CPU = Debug|Any CPU
		Release|Any CPU = Release|Any CPU
	EndGlobalSection
	GlobalSection(ProjectConfigurationPlatforms) = postSolution
		{B3119DD1-44E9-4077-8A3C-4CD061E4D912}.Debug|Any CPU.ActiveCfg = Debug|Any CPU
		{B3119DD1-44E9-4077-8A3C-4CD061E4D912}.Debug|Any CPU.Build.0 = Debug|Any CPU
		{B3119DD1-44E9-4077-8A3C-4CD061E4D912}.Release|Any CPU.ActiveCfg = Release|Any CPU
		{B3119DD1-44E9-4077-8A3C-4CD061E4D912}.Release|Any CPU.Build.0 = Release|Any CPU
	EndGlobalSection
	GlobalSection(SolutionProperties) = preSolution
		HideSolutionNode = FALSE
	EndGlobalSection
	GlobalSection(ExtensibilityGlobals) = postSolution
		SolutionGuid = {E33F113D-DD22-4C8D-8DA3-FB60F4288821}
	EndGlobalSection
EndGlobal
